// !$*UTF8*$!
{
	archiveVersion = 1;
	classes = {
	};
	objectVersion = 50;
	objects = {

/* Begin PBXBuildFile section */
		7B01B4E925E60B260070EBB2 /* AppDelegate.swift in Sources */ = {isa = PBXBuildFile; fileRef = 7B01B4E825E60B260070EBB2 /* AppDelegate.swift */; };
		7B01B4EB25E60B260070EBB2 /* SceneDelegate.swift in Sources */ = {isa = PBXBuildFile; fileRef = 7B01B4EA25E60B260070EBB2 /* SceneDelegate.swift */; };
		7B01B4F025E60B260070EBB2 /* Main.storyboard in Resources */ = {isa = PBXBuildFile; fileRef = 7B01B4EE25E60B260070EBB2 /* Main.storyboard */; };
		7B01B4F225E60B270070EBB2 /* Assets.xcassets in Resources */ = {isa = PBXBuildFile; fileRef = 7B01B4F125E60B270070EBB2 /* Assets.xcassets */; };
		7B01B4F525E60B270070EBB2 /* LaunchScreen.storyboard in Resources */ = {isa = PBXBuildFile; fileRef = 7B01B4F325E60B270070EBB2 /* LaunchScreen.storyboard */; };
		7B01B50025E60C3F0070EBB2 /* SearchViewController.swift in Sources */ = {isa = PBXBuildFile; fileRef = 7B01B4FF25E60C3F0070EBB2 /* SearchViewController.swift */; };
		7B01B50325E60C520070EBB2 /* FavoritesViewController.swift in Sources */ = {isa = PBXBuildFile; fileRef = 7B01B50225E60C520070EBB2 /* FavoritesViewController.swift */; };
		7B01B50825E60CA10070EBB2 /* Model.swift in Sources */ = {isa = PBXBuildFile; fileRef = 7B01B50725E60CA10070EBB2 /* Model.swift */; };
		7B01B52025E61CC80070EBB2 /* DataManager.swift in Sources */ = {isa = PBXBuildFile; fileRef = 7B01B51F25E61CC80070EBB2 /* DataManager.swift */; };
		7B01B52625E757BC0070EBB2 /* CustomCell.swift in Sources */ = {isa = PBXBuildFile; fileRef = 7B01B52525E757BC0070EBB2 /* CustomCell.swift */; };
/* End PBXBuildFile section */

/* Begin PBXFileReference section */
		7B01B4E525E60B260070EBB2 /* AppStoreLightweight.app */ = {isa = PBXFileReference; explicitFileType = wrapper.application; includeInIndex = 0; path = AppStoreLightweight.app; sourceTree = BUILT_PRODUCTS_DIR; };
		7B01B4E825E60B260070EBB2 /* AppDelegate.swift */ = {isa = PBXFileReference; lastKnownFileType = sourcecode.swift; path = AppDelegate.swift; sourceTree = "<group>"; };
		7B01B4EA25E60B260070EBB2 /* SceneDelegate.swift */ = {isa = PBXFileReference; lastKnownFileType = sourcecode.swift; path = SceneDelegate.swift; sourceTree = "<group>"; };
		7B01B4EF25E60B260070EBB2 /* Base */ = {isa = PBXFileReference; lastKnownFileType = file.storyboard; name = Base; path = Base.lproj/Main.storyboard; sourceTree = "<group>"; };
		7B01B4F125E60B270070EBB2 /* Assets.xcassets */ = {isa = PBXFileReference; lastKnownFileType = folder.assetcatalog; path = Assets.xcassets; sourceTree = "<group>"; };
		7B01B4F425E60B270070EBB2 /* Base */ = {isa = PBXFileReference; lastKnownFileType = file.storyboard; name = Base; path = Base.lproj/LaunchScreen.storyboard; sourceTree = "<group>"; };
		7B01B4F625E60B270070EBB2 /* Info.plist */ = {isa = PBXFileReference; lastKnownFileType = text.plist.xml; path = Info.plist; sourceTree = "<group>"; };
		7B01B4FF25E60C3F0070EBB2 /* SearchViewController.swift */ = {isa = PBXFileReference; lastKnownFileType = sourcecode.swift; path = SearchViewController.swift; sourceTree = "<group>"; };
		7B01B50225E60C520070EBB2 /* FavoritesViewController.swift */ = {isa = PBXFileReference; lastKnownFileType = sourcecode.swift; path = FavoritesViewController.swift; sourceTree = "<group>"; };
		7B01B50725E60CA10070EBB2 /* Model.swift */ = {isa = PBXFileReference; lastKnownFileType = sourcecode.swift; path = Model.swift; sourceTree = "<group>"; };
		7B01B51F25E61CC80070EBB2 /* DataManager.swift */ = {isa = PBXFileReference; lastKnownFileType = sourcecode.swift; path = DataManager.swift; sourceTree = "<group>"; };
		7B01B52525E757BC0070EBB2 /* CustomCell.swift */ = {isa = PBXFileReference; lastKnownFileType = sourcecode.swift; path = CustomCell.swift; sourceTree = "<group>"; };
/* End PBXFileReference section */

/* Begin PBXFrameworksBuildPhase section */
		7B01B4E225E60B260070EBB2 /* Frameworks */ = {
			isa = PBXFrameworksBuildPhase;
			buildActionMask = 2147483647;
			files = (
			);
			runOnlyForDeploymentPostprocessing = 0;
		};
/* End PBXFrameworksBuildPhase section */

/* Begin PBXGroup section */
		7B01B4DC25E60B260070EBB2 = {
			isa = PBXGroup;
			children = (
				7B01B4E725E60B260070EBB2 /* AppStoreLightweight */,
				7B01B4E625E60B260070EBB2 /* Products */,
			);
			sourceTree = "<group>";
		};
		7B01B4E625E60B260070EBB2 /* Products */ = {
			isa = PBXGroup;
			children = (
				7B01B4E525E60B260070EBB2 /* AppStoreLightweight.app */,
			);
			name = Products;
			sourceTree = "<group>";
		};
		7B01B4E725E60B260070EBB2 /* AppStoreLightweight */ = {
			isa = PBXGroup;
			children = (
				7B01B51E25E61CB70070EBB2 /* DataManager */,
				7B01B4F625E60B270070EBB2 /* Info.plist */,
				7B01B51025E60DC40070EBB2 /* Resources */,
				7B01B50F25E60DB40070EBB2 /* Storyboards */,
				7B01B50625E60C680070EBB2 /* Models */,
				7B01B4FD25E60BC50070EBB2 /* ViewControllers */,
			);
			path = AppStoreLightweight;
			sourceTree = "<group>";
		};
		7B01B4FD25E60BC50070EBB2 /* ViewControllers */ = {
			isa = PBXGroup;
			children = (
				7B01B4FF25E60C3F0070EBB2 /* SearchViewController.swift */,
				7B01B50225E60C520070EBB2 /* FavoritesViewController.swift */,
				7B01B52525E757BC0070EBB2 /* CustomCell.swift */,
			);
			path = ViewControllers;
			sourceTree = "<group>";
		};
		7B01B50625E60C680070EBB2 /* Models */ = {
			isa = PBXGroup;
			children = (
				7B01B50725E60CA10070EBB2 /* Model.swift */,
			);
			path = Models;
			sourceTree = "<group>";
		};
		7B01B50F25E60DB40070EBB2 /* Storyboards */ = {
			isa = PBXGroup;
			children = (
				7B01B4EE25E60B260070EBB2 /* Main.storyboard */,
			);
			path = Storyboards;
			sourceTree = "<group>";
		};
		7B01B51025E60DC40070EBB2 /* Resources */ = {
			isa = PBXGroup;
			children = (
				7B01B4E825E60B260070EBB2 /* AppDelegate.swift */,
				7B01B4EA25E60B260070EBB2 /* SceneDelegate.swift */,
				7B01B4F125E60B270070EBB2 /* Assets.xcassets */,
				7B01B4F325E60B270070EBB2 /* LaunchScreen.storyboard */,
			);
			path = Resources;
			sourceTree = "<group>";
		};
		7B01B51E25E61CB70070EBB2 /* DataManager */ = {
			isa = PBXGroup;
			children = (
				7B01B51F25E61CC80070EBB2 /* DataManager.swift */,
			);
			path = DataManager;
			sourceTree = "<group>";
		};
/* End PBXGroup section */

/* Begin PBXNativeTarget section */
		7B01B4E425E60B260070EBB2 /* AppStoreLightweight */ = {
			isa = PBXNativeTarget;
			buildConfigurationList = 7B01B4F925E60B270070EBB2 /* Build configuration list for PBXNativeTarget "AppStoreLightweight" */;
			buildPhases = (
				7B01B4E125E60B260070EBB2 /* Sources */,
				7B01B4E225E60B260070EBB2 /* Frameworks */,
				7B01B4E325E60B260070EBB2 /* Resources */,
			);
			buildRules = (
			);
			dependencies = (
			);
			name = AppStoreLightweight;
			productName = AppStoreLightweight;
			productReference = 7B01B4E525E60B260070EBB2 /* AppStoreLightweight.app */;
			productType = "com.apple.product-type.application";
		};
/* End PBXNativeTarget section */

/* Begin PBXProject section */
		7B01B4DD25E60B260070EBB2 /* Project object */ = {
			isa = PBXProject;
			attributes = {
				LastSwiftUpdateCheck = 1240;
				LastUpgradeCheck = 1240;
				TargetAttributes = {
					7B01B4E425E60B260070EBB2 = {
						CreatedOnToolsVersion = 12.4;
					};
				};
			};
			buildConfigurationList = 7B01B4E025E60B260070EBB2 /* Build configuration list for PBXProject "AppStoreLightweight" */;
			compatibilityVersion = "Xcode 9.3";
			developmentRegion = en;
			hasScannedForEncodings = 0;
			knownRegions = (
				en,
				Base,
			);
			mainGroup = 7B01B4DC25E60B260070EBB2;
			productRefGroup = 7B01B4E625E60B260070EBB2 /* Products */;
			projectDirPath = "";
			projectRoot = "";
			targets = (
				7B01B4E425E60B260070EBB2 /* AppStoreLightweight */,
			);
		};
/* End PBXProject section */

/* Begin PBXResourcesBuildPhase section */
		7B01B4E325E60B260070EBB2 /* Resources */ = {
			isa = PBXResourcesBuildPhase;
			buildActionMask = 2147483647;
			files = (
				7B01B4F525E60B270070EBB2 /* LaunchScreen.storyboard in Resources */,
				7B01B4F225E60B270070EBB2 /* Assets.xcassets in Resources */,
				7B01B4F025E60B260070EBB2 /* Main.storyboard in Resources */,
			);
			runOnlyForDeploymentPostprocessing = 0;
		};
/* End PBXResourcesBuildPhase section */

/* Begin PBXSourcesBuildPhase section */
		7B01B4E125E60B260070EBB2 /* Sources */ = {
			isa = PBXSourcesBuildPhase;
			buildActionMask = 2147483647;
			files = (
				7B01B50825E60CA10070EBB2 /* Model.swift in Sources */,
				7B01B52025E61CC80070EBB2 /* DataManager.swift in Sources */,
				7B01B4E925E60B260070EBB2 /* AppDelegate.swift in Sources */,
				7B01B50025E60C3F0070EBB2 /* SearchViewController.swift in Sources */,
				7B01B50325E60C520070EBB2 /* FavoritesViewController.swift in Sources */,
				7B01B52625E757BC0070EBB2 /* CustomCell.swift in Sources */,
				7B01B4EB25E60B260070EBB2 /* SceneDelegate.swift in Sources */,
			);
			runOnlyForDeploymentPostprocessing = 0;
		};
/* End PBXSourcesBuildPhase section */

/* Begin PBXVariantGroup section */
		7B01B4EE25E60B260070EBB2 /* Main.storyboard */ = {
			isa = PBXVariantGroup;
			children = (
				7B01B4EF25E60B260070EBB2 /* Base */,
			);
			name = Main.storyboard;
			sourceTree = "<group>";
		};
		7B01B4F325E60B270070EBB2 /* LaunchScreen.storyboard */ = {
			isa = PBXVariantGroup;
			children = (
				7B01B4F425E60B270070EBB2 /* Base */,
			);
			name = LaunchScreen.storyboard;
			sourceTree = "<group>";
		};
/* End PBXVariantGroup section */

/* Begin XCBuildConfiguration section */
		7B01B4F725E60B270070EBB2 /* Debug */ = {
			isa = XCBuildConfiguration;
			buildSettings = {
				ALWAYS_SEARCH_USER_PATHS = NO;
				CLANG_ANALYZER_NONNULL = YES;
				CLANG_ANALYZER_NUMBER_OBJECT_CONVERSION = YES_AGGRESSIVE;
				CLANG_CXX_LANGUAGE_STANDARD = "gnu++14";
				CLANG_CXX_LIBRARY = "libc++";
				CLANG_ENABLE_MODULES = YES;
				CLANG_ENABLE_OBJC_ARC = YES;
				CLANG_ENABLE_OBJC_WEAK = YES;
				CLANG_WARN_BLOCK_CAPTURE_AUTORELEASING = YES;
				CLANG_WARN_BOOL_CONVERSION = YES;
				CLANG_WARN_COMMA = YES;
				CLANG_WARN_CONSTANT_CONVERSION = YES;
				CLANG_WARN_DEPRECATED_OBJC_IMPLEMENTATIONS = YES;
				CLANG_WARN_DIRECT_OBJC_ISA_USAGE = YES_ERROR;
				CLANG_WARN_DOCUMENTATION_COMMENTS = YES;
				CLANG_WARN_EMPTY_BODY = YES;
				CLANG_WARN_ENUM_CONVERSION = YES;
				CLANG_WARN_INFINITE_RECURSION = YES;
				CLANG_WARN_INT_CONVERSION = YES;
				CLANG_WARN_NON_LITERAL_NULL_CONVERSION = YES;
				CLANG_WARN_OBJC_IMPLICIT_RETAIN_SELF = YES;
				CLANG_WARN_OBJC_LITERAL_CONVERSION = YES;
				CLANG_WARN_OBJC_ROOT_CLASS = YES_ERROR;
				CLANG_WARN_QUOTED_INCLUDE_IN_FRAMEWORK_HEADER = YES;
				CLANG_WARN_RANGE_LOOP_ANALYSIS = YES;
				CLANG_WARN_STRICT_PROTOTYPES = YES;
				CLANG_WARN_SUSPICIOUS_MOVE = YES;
				CLANG_WARN_UNGUARDED_AVAILABILITY = YES_AGGRESSIVE;
				CLANG_WARN_UNREACHABLE_CODE = YES;
				CLANG_WARN__DUPLICATE_METHOD_MATCH = YES;
				COPY_PHASE_STRIP = NO;
				DEBUG_INFORMATION_FORMAT = dwarf;
				ENABLE_STRICT_OBJC_MSGSEND = YES;
				ENABLE_TESTABILITY = YES;
				GCC_C_LANGUAGE_STANDARD = gnu11;
				GCC_DYNAMIC_NO_PIC = NO;
				GCC_NO_COMMON_BLOCKS = YES;
				GCC_OPTIMIZATION_LEVEL = 0;
				GCC_PREPROCESSOR_DEFINITIONS = (
					"DEBUG=1",
					"$(inherited)",
				);
				GCC_WARN_64_TO_32_BIT_CONVERSION = YES;
				GCC_WARN_ABOUT_RETURN_TYPE = YES_ERROR;
				GCC_WARN_UNDECLARED_SELECTOR = YES;
				GCC_WARN_UNINITIALIZED_AUTOS = YES_AGGRESSIVE;
				GCC_WARN_UNUSED_FUNCTION = YES;
				GCC_WARN_UNUSED_VARIABLE = YES;
				IPHONEOS_DEPLOYMENT_TARGET = 14.4;
				MTL_ENABLE_DEBUG_INFO = INCLUDE_SOURCE;
				MTL_FAST_MATH = YES;
				ONLY_ACTIVE_ARCH = YES;
				SDKROOT = iphoneos;
				SWIFT_ACTIVE_COMPILATION_CONDITIONS = DEBUG;
				SWIFT_OPTIMIZATION_LEVEL = "-Onone";
			};
			name = Debug;
		};
		7B01B4F825E60B270070EBB2 /* Release */ = {
			isa = XCBuildConfiguration;
			buildSettings = {
				ALWAYS_SEARCH_USER_PATHS = NO;
				CLANG_ANALYZER_NONNULL = YES;
				CLANG_ANALYZER_NUMBER_OBJECT_CONVERSION = YES_AGGRESSIVE;
				CLANG_CXX_LANGUAGE_STANDARD = "gnu++14";
				CLANG_CXX_LIBRARY = "libc++";
				CLANG_ENABLE_MODULES = YES;
				CLANG_ENABLE_OBJC_ARC = YES;
				CLANG_ENABLE_OBJC_WEAK = YES;
				CLANG_WARN_BLOCK_CAPTURE_AUTORELEASING = YES;
				CLANG_WARN_BOOL_CONVERSION = YES;
				CLANG_WARN_COMMA = YES;
				CLANG_WARN_CONSTANT_CONVERSION = YES;
				CLANG_WARN_DEPRECATED_OBJC_IMPLEMENTATIONS = YES;
				CLANG_WARN_DIRECT_OBJC_ISA_USAGE = YES_ERROR;
				CLANG_WARN_DOCUMENTATION_COMMENTS = YES;
				CLANG_WARN_EMPTY_BODY = YES;
				CLANG_WARN_ENUM_CONVERSION = YES;
				CLANG_WARN_INFINITE_RECURSION = YES;
				CLANG_WARN_INT_CONVERSION = YES;
				CLANG_WARN_NON_LITERAL_NULL_CONVERSION = YES;
				CLANG_WARN_OBJC_IMPLICIT_RETAIN_SELF = YES;
				CLANG_WARN_OBJC_LITERAL_CONVERSION = YES;
				CLANG_WARN_OBJC_ROOT_CLASS = YES_ERROR;
				CLANG_WARN_QUOTED_INCLUDE_IN_FRAMEWORK_HEADER = YES;
				CLANG_WARN_RANGE_LOOP_ANALYSIS = YES;
				CLANG_WARN_STRICT_PROTOTYPES = YES;
				CLANG_WARN_SUSPICIOUS_MOVE = YES;
				CLANG_WARN_UNGUARDED_AVAILABILITY = YES_AGGRESSIVE;
				CLANG_WARN_UNREACHABLE_CODE = YES;
				CLANG_WARN__DUPLICATE_METHOD_MATCH = YES;
				COPY_PHASE_STRIP = NO;
				DEBUG_INFORMATION_FORMAT = "dwarf-with-dsym";
				ENABLE_NS_ASSERTIONS = NO;
				ENABLE_STRICT_OBJC_MSGSEND = YES;
				GCC_C_LANGUAGE_STANDARD = gnu11;
				GCC_NO_COMMON_BLOCKS = YES;
				GCC_WARN_64_TO_32_BIT_CONVERSION = YES;
				GCC_WARN_ABOUT_RETURN_TYPE = YES_ERROR;
				GCC_WARN_UNDECLARED_SELECTOR = YES;
				GCC_WARN_UNINITIALIZED_AUTOS = YES_AGGRESSIVE;
				GCC_WARN_UNUSED_FUNCTION = YES;
				GCC_WARN_UNUSED_VARIABLE = YES;
				IPHONEOS_DEPLOYMENT_TARGET = 14.4;
				MTL_ENABLE_DEBUG_INFO = NO;
				MTL_FAST_MATH = YES;
				SDKROOT = iphoneos;
				SWIFT_COMPILATION_MODE = wholemodule;
				SWIFT_OPTIMIZATION_LEVEL = "-O";
				VALIDATE_PRODUCT = YES;
			};
			name = Release;
		};
		7B01B4FA25E60B270070EBB2 /* Debug */ = {
			isa = XCBuildConfiguration;
			buildSettings = {
				ASSETCATALOG_COMPILER_APPICON_NAME = AppIcon;
				ASSETCATALOG_COMPILER_GLOBAL_ACCENT_COLOR_NAME = AccentColor;
				CODE_SIGN_STYLE = Automatic;
				DEVELOPMENT_TEAM = 2RD7T47AG4;
				INFOPLIST_FILE = AppStoreLightweight/Info.plist;
				LD_RUNPATH_SEARCH_PATHS = (
					"$(inherited)",
					"@executable_path/Frameworks",
				);
				PRODUCT_BUNDLE_IDENTIFIER = com.zairov.appstorelightweight.AppStoreLightweight;
				PRODUCT_NAME = "$(TARGET_NAME)";
				SWIFT_VERSION = 5.0;
				TARGETED_DEVICE_FAMILY = "1,2";
			};
			name = Debug;
		};
		7B01B4FB25E60B270070EBB2 /* Release */ = {
			isa = XCBuildConfiguration;
			buildSettings = {
				ASSETCATALOG_COMPILER_APPICON_NAME = AppIcon;
				ASSETCATALOG_COMPILER_GLOBAL_ACCENT_COLOR_NAME = AccentColor;
				CODE_SIGN_STYLE = Automatic;
				DEVELOPMENT_TEAM = 2RD7T47AG4;
				INFOPLIST_FILE = AppStoreLightweight/Info.plist;
				LD_RUNPATH_SEARCH_PATHS = (
					"$(inherited)",
					"@executable_path/Frameworks",
				);
				PRODUCT_BUNDLE_IDENTIFIER = com.zairov.appstorelightweight.AppStoreLightweight;
				PRODUCT_NAME = "$(TARGET_NAME)";
				SWIFT_VERSION = 5.0;
				TARGETED_DEVICE_FAMILY = "1,2";
			};
			name = Release;
		};
/* End XCBuildConfiguration section */

/* Begin XCConfigurationList section */
		7B01B4E025E60B260070EBB2 /* Build configuration list for PBXProject "AppStoreLightweight" */ = {
			isa = XCConfigurationList;
			buildConfigurations = (
				7B01B4F725E60B270070EBB2 /* Debug */,
				7B01B4F825E60B270070EBB2 /* Release */,
			);
			defaultConfigurationIsVisible = 0;
			defaultConfigurationName = Release;
		};
		7B01B4F925E60B270070EBB2 /* Build configuration list for PBXNativeTarget "AppStoreLightweight" */ = {
			isa = XCConfigurationList;
			buildConfigurations = (
				7B01B4FA25E60B270070EBB2 /* Debug */,
				7B01B4FB25E60B270070EBB2 /* Release */,
			);
			defaultConfigurationIsVisible = 0;
			defaultConfigurationName = Release;
		};
/* End XCConfigurationList section */
	};
	rootObject = 7B01B4DD25E60B260070EBB2 /* Project object */;
}
